
Microsoft Visual Studio Solution File, Format Version 12.00
# Visual Studio Version 17
VisualStudioVersion = 17.3.32825.248
MinimumVisualStudioVersion = 10.0.40219.1
Project("{FAE04EC0-301F-11D3-BF4B-00C04F79EFBC}") = "DBFirstapp", "DBFirstapp\DBFirstapp.csproj", "{A0BFF477-298D-40F7-BED3-135C8FA3F09E}"
EndProject
Global
	GlobalSection(SolutionConfigurationPlatforms) = preSolution
		Debug|Any CPU = Debug|Any CPU
		Release|Any CPU = Release|Any CPU
	EndGlobalSection
	GlobalSection(ProjectConfigurationPlatforms) = postSolution
		{A0BFF477-298D-40F7-BED3-135C8FA3F09E}.Debug|Any CPU.ActiveCfg = Debug|Any CPU
		{A0BFF477-298D-40F7-BED3-135C8FA3F09E}.Debug|Any CPU.Build.0 = Debug|Any CPU
		{A0BFF477-298D-40F7-BED3-135C8FA3F09E}.Release|Any CPU.ActiveCfg = Release|Any CPU
		{A0BFF477-298D-40F7-BED3-135C8FA3F09E}.Release|Any CPU.Build.0 = Release|Any CPU
	EndGlobalSection
	GlobalSection(SolutionProperties) = preSolution
		HideSolutionNode = FALSE
	EndGlobalSection
	GlobalSection(ExtensibilityGlobals) = postSolution
		SolutionGuid = {64303F6E-ECB0-4471-BCF4-F5C5F0E95CA0}
	EndGlobalSection
EndGlobal
